Microsoft Visual Studio Solution File, Format Version 12.00
# Visual Studio Version 17
VisualStudioVersion = 17.0.31903.59
MinimumVisualStudioVersion = 10.0.40219.1
Project("{2150E333-8FDC-42A3-9474-1A3956D46DE8}") = "src", "src", "{A18A8D0B-6550-4C02-80D8-4D8DCC8A4C26}"
EndProject
Project("{FAE04EC0-301F-11D3-BF4B-00C04F79EFBC}") = "WebUI.NET", "src\WebUI.NET\WebUI.NET.csproj", "{473FADD0-6CEF-4832-9ABC-8370A8539292}"
EndProject
Project("{FAE04EC0-301F-11D3-BF4B-00C04F79EFBC}") = "WebUI.NET.Natives", "src\WebUI.NET.Natives\WebUI.NET.Natives.csproj", "{BE09800A-7B7D-44F4-A294-372BBD5C9B9D}"
EndProject
Project("{FAE04EC0-301F-11D3-BF4B-00C04F79EFBC}") = "WebUI.NET.Natives.Secure", "src\WebUI.NET.Natives.Secure\WebUI.NET.Natives.Secure.csproj", "{444F629E-4AFF-4454-A1B2-4F765810321C}"
EndProject
Project("{2150E333-8FDC-42A3-9474-1A3956D46DE8}") = "examples", "examples", "{646E5093-39B6-4C21-8EEE-1488488F2366}"
EndProject
Project("{FAE04EC0-301F-11D3-BF4B-00C04F79EFBC}") = "basic_window", "examples\basic_window\basic_window.csproj", "{9BA583A6-1986-402E-BC29-5E054F6224E8}"
EndProject
Project("{FAE04EC0-301F-11D3-BF4B-00C04F79EFBC}") = "basic_window_net48", "examples\basic_window_net48\basic_window_net48.csproj", "{B04F7684-A967-4977-901A-17A336AF02EF}"
EndProject
Project("{FAE04EC0-301F-11D3-BF4B-00C04F79EFBC}") = "events", "examples\events\events.csproj", "{BE2C15B8-EEB9-46E3-BA90-06432CD1C9D5}"
EndProject
Project("{FAE04EC0-301F-11D3-BF4B-00C04F79EFBC}") = "dynamic_content", "examples\dynamic_content\dynamic_content.csproj", "{A1B64637-4976-41AA-8F56-1D7E58DED082}"
EndProject
Project("{FAE04EC0-301F-11D3-BF4B-00C04F79EFBC}") = "js_interop", "examples\js_interop\js_interop.csproj", "{6543E52E-FB68-4754-848A-24E9927CC258}"
EndProject
Project("{FAE04EC0-301F-11D3-BF4B-00C04F79EFBC}") = "js_call", "examples\js_call\js_call.csproj", "{085C4587-AB5B-4ECC-9CD8-E8C3D9ED0F2B}"
EndProject
Project("{FAE04EC0-301F-11D3-BF4B-00C04F79EFBC}") = "invoke_backend_function", "examples\invoke_backend_function\invoke_backend_function.csproj", "{BF7D75E8-B257-45AD-9DB6-439DA9AB927C}"
EndProject
Project("{FAE04EC0-301F-11D3-BF4B-00C04F79EFBC}") = "text_editor", "examples\text_editor\text_editor.csproj", "{047D6121-AF91-4428-8B92-C31A976E5642}"
EndProject
Global
	GlobalSection(SolutionConfigurationPlatforms) = preSolution
		Debug|Any CPU = Debug|Any CPU
		Release|Any CPU = Release|Any CPU
	EndGlobalSection
	GlobalSection(SolutionProperties) = preSolution
		HideSolutionNode = FALSE
	EndGlobalSection
	GlobalSection(ProjectConfigurationPlatforms) = postSolution
		{473FADD0-6CEF-4832-9ABC-8370A8539292}.Debug|Any CPU.ActiveCfg = Debug|Any CPU
		{473FADD0-6CEF-4832-9ABC-8370A8539292}.Debug|Any CPU.Build.0 = Debug|Any CPU
		{473FADD0-6CEF-4832-9ABC-8370A8539292}.Release|Any CPU.ActiveCfg = Release|Any CPU
		{473FADD0-6CEF-4832-9ABC-8370A8539292}.Release|Any CPU.Build.0 = Release|Any CPU
		{BE09800A-7B7D-44F4-A294-372BBD5C9B9D}.Debug|Any CPU.ActiveCfg = Debug|Any CPU
		{BE09800A-7B7D-44F4-A294-372BBD5C9B9D}.Debug|Any CPU.Build.0 = Debug|Any CPU
		{BE09800A-7B7D-44F4-A294-372BBD5C9B9D}.Release|Any CPU.ActiveCfg = Release|Any CPU
		{BE09800A-7B7D-44F4-A294-372BBD5C9B9D}.Release|Any CPU.Build.0 = Release|Any CPU
		{444F629E-4AFF-4454-A1B2-4F765810321C}.Debug|Any CPU.ActiveCfg = Debug|Any CPU
		{444F629E-4AFF-4454-A1B2-4F765810321C}.Debug|Any CPU.Build.0 = Debug|Any CPU
		{444F629E-4AFF-4454-A1B2-4F765810321C}.Release|Any CPU.ActiveCfg = Release|Any CPU
		{444F629E-4AFF-4454-A1B2-4F765810321C}.Release|Any CPU.Build.0 = Release|Any CPU
		{9BA583A6-1986-402E-BC29-5E054F6224E8}.Debug|Any CPU.ActiveCfg = Debug|Any CPU
		{9BA583A6-1986-402E-BC29-5E054F6224E8}.Debug|Any CPU.Build.0 = Debug|Any CPU
		{9BA583A6-1986-402E-BC29-5E054F6224E8}.Release|Any CPU.ActiveCfg = Release|Any CPU
		{9BA583A6-1986-402E-BC29-5E054F6224E8}.Release|Any CPU.Build.0 = Release|Any CPU
		{B04F7684-A967-4977-901A-17A336AF02EF}.Debug|Any CPU.ActiveCfg = Debug|Any CPU
		{B04F7684-A967-4977-901A-17A336AF02EF}.Debug|Any CPU.Build.0 = Debug|Any CPU
		{B04F7684-A967-4977-901A-17A336AF02EF}.Release|Any CPU.ActiveCfg = Release|Any CPU
		{B04F7684-A967-4977-901A-17A336AF02EF}.Release|Any CPU.Build.0 = Release|Any CPU
		{BE2C15B8-EEB9-46E3-BA90-06432CD1C9D5}.Debug|Any CPU.ActiveCfg = Debug|Any CPU
		{BE2C15B8-EEB9-46E3-BA90-06432CD1C9D5}.Debug|Any CPU.Build.0 = Debug|Any CPU
		{BE2C15B8-EEB9-46E3-BA90-06432CD1C9D5}.Release|Any CPU.ActiveCfg = Release|Any CPU
		{BE2C15B8-EEB9-46E3-BA90-06432CD1C9D5}.Release|Any CPU.Build.0 = Release|Any CPU
		{A1B64637-4976-41AA-8F56-1D7E58DED082}.Debug|Any CPU.ActiveCfg = Debug|Any CPU
		{A1B64637-4976-41AA-8F56-1D7E58DED082}.Debug|Any CPU.Build.0 = Debug|Any CPU
		{A1B64637-4976-41AA-8F56-1D7E58DED082}.Release|Any CPU.ActiveCfg = Release|Any CPU
		{A1B64637-4976-41AA-8F56-1D7E58DED082}.Release|Any CPU.Build.0 = Release|Any CPU
		{6543E52E-FB68-4754-848A-24E9927CC258}.Debug|Any CPU.ActiveCfg = Debug|Any CPU
		{6543E52E-FB68-4754-848A-24E9927CC258}.Debug|Any CPU.Build.0 = Debug|Any CPU
		{6543E52E-FB68-4754-848A-24E9927CC258}.Release|Any CPU.ActiveCfg = Release|Any CPU
		{6543E52E-FB68-4754-848A-24E9927CC258}.Release|Any CPU.Build.0 = Release|Any CPU
		{085C4587-AB5B-4ECC-9CD8-E8C3D9ED0F2B}.Debug|Any CPU.ActiveCfg = Debug|Any CPU
		{085C4587-AB5B-4ECC-9CD8-E8C3D9ED0F2B}.Debug|Any CPU.Build.0 = Debug|Any CPU
		{085C4587-AB5B-4ECC-9CD8-E8C3D9ED0F2B}.Release|Any CPU.ActiveCfg = Release|Any CPU
		{085C4587-AB5B-4ECC-9CD8-E8C3D9ED0F2B}.Release|Any CPU.Build.0 = Release|Any CPU
		{BF7D75E8-B257-45AD-9DB6-439DA9AB927C}.Debug|Any CPU.ActiveCfg = Debug|Any CPU
		{BF7D75E8-B257-45AD-9DB6-439DA9AB927C}.Debug|Any CPU.Build.0 = Debug|Any CPU
		{BF7D75E8-B257-45AD-9DB6-439DA9AB927C}.Release|Any CPU.ActiveCfg = Release|Any CPU
		{BF7D75E8-B257-45AD-9DB6-439DA9AB927C}.Release|Any CPU.Build.0 = Release|Any CPU
		{047D6121-AF91-4428-8B92-C31A976E5642}.Debug|Any CPU.ActiveCfg = Debug|Any CPU
		{047D6121-AF91-4428-8B92-C31A976E5642}.Debug|Any CPU.Build.0 = Debug|Any CPU
		{047D6121-AF91-4428-8B92-C31A976E5642}.Release|Any CPU.ActiveCfg = Release|Any CPU
		{047D6121-AF91-4428-8B92-C31A976E5642}.Release|Any CPU.Build.0 = Release|Any CPU
	EndGlobalSection
	GlobalSection(NestedProjects) = preSolution
		{473FADD0-6CEF-4832-9ABC-8370A8539292} = {A18A8D0B-6550-4C02-80D8-4D8DCC8A4C26}
		{BE09800A-7B7D-44F4-A294-372BBD5C9B9D} = {A18A8D0B-6550-4C02-80D8-4D8DCC8A4C26}
		{444F629E-4AFF-4454-A1B2-4F765810321C} = {A18A8D0B-6550-4C02-80D8-4D8DCC8A4C26}
		{9BA583A6-1986-402E-BC29-5E054F6224E8} = {646E5093-39B6-4C21-8EEE-1488488F2366}
		{B04F7684-A967-4977-901A-17A336AF02EF} = {646E5093-39B6-4C21-8EEE-1488488F2366}
		{BE2C15B8-EEB9-46E3-BA90-06432CD1C9D5} = {646E5093-39B6-4C21-8EEE-1488488F2366}
		{A1B64637-4976-41AA-8F56-1D7E58DED082} = {646E5093-39B6-4C21-8EEE-1488488F2366}
		{6543E52E-FB68-4754-848A-24E9927CC258} = {646E5093-39B6-4C21-8EEE-1488488F2366}
		{085C4587-AB5B-4ECC-9CD8-E8C3D9ED0F2B} = {646E5093-39B6-4C21-8EEE-1488488F2366}
		{BF7D75E8-B257-45AD-9DB6-439DA9AB927C} = {646E5093-39B6-4C21-8EEE-1488488F2366}
		{047D6121-AF91-4428-8B92-C31A976E5642} = {646E5093-39B6-4C21-8EEE-1488488F2366}
	EndGlobalSection
EndGlobal
